{
  "version": 4,
  "terraform_version": "1.9.8",
  "serial": 12,
  "lineage": "1baa0430-280b-3405-70dc-f32d44695e01",
  "outputs": {
    "service_account_email": {
      "value": "general-sa@vivid-alchemy-436608-r0.iam.gserviceaccount.com",
      "type": "string"
    }
  },
  "resources": [
    {
      "mode": "managed",
      "type": "google_artifact_registry_repository",
      "name": "backend",
      "provider": "provider[\"registry.terraform.io/hashicorp/google\"]",
      "instances": [
        {
          "schema_version": 0,
          "attributes": {
            "create_time": "2024-11-06T18:25:00.120592Z",
            "description": "backend docker repository",
            "format": "DOCKER",
            "id": "projects/vivid-alchemy-436608-r0/locations/us-central1/repositories/backend",
            "kms_key_name": "",
            "labels": {},
            "location": "us-central1",
            "maven_config": [],
            "name": "backend",
            "project": "vivid-alchemy-436608-r0",
            "repository_id": "backend",
            "timeouts": null,
            "update_time": "2024-11-06T18:25:00.120592Z"
          },
          "sensitive_attributes": [],
          "private": "eyJlMmJmYjczMC1lY2FhLTExZTYtOGY4OC0zNDM2M2JjN2M0YzAiOnsiY3JlYXRlIjoxMjAwMDAwMDAwMDAwLCJkZWxldGUiOjEyMDAwMDAwMDAwMDAsInVwZGF0ZSI6MTIwMDAwMDAwMDAwMH19"
        }
      ]
    },
    {
      "mode": "managed",
      "type": "google_artifact_registry_repository",
      "name": "frontend",
      "provider": "provider[\"registry.terraform.io/hashicorp/google\"]",
      "instances": [
        {
          "schema_version": 0,
          "attributes": {
            "create_time": "2024-11-06T18:25:00.071412Z",
            "description": "frontend docker repository",
            "format": "DOCKER",
            "id": "projects/vivid-alchemy-436608-r0/locations/us-central1/repositories/frontend",
            "kms_key_name": "",
            "labels": {},
            "location": "us-central1",
            "maven_config": [],
            "name": "frontend",
            "project": "vivid-alchemy-436608-r0",
            "repository_id": "frontend",
            "timeouts": null,
            "update_time": "2024-11-06T18:25:00.071412Z"
          },
          "sensitive_attributes": [],
          "private": "eyJlMmJmYjczMC1lY2FhLTExZTYtOGY4OC0zNDM2M2JjN2M0YzAiOnsiY3JlYXRlIjoxMjAwMDAwMDAwMDAwLCJkZWxldGUiOjEyMDAwMDAwMDAwMDAsInVwZGF0ZSI6MTIwMDAwMDAwMDAwMH19"
        }
      ]
    },
    {
      "mode": "managed",
      "type": "google_project_iam_member",
      "name": "service_account_roles",
      "provider": "provider[\"registry.terraform.io/hashicorp/google\"]",
      "instances": [
        {
          "index_key": "roles/artifactregistry.admin",
          "schema_version": 0,
          "attributes": {
            "condition": [],
            "etag": "BwYmQqJAs/o=",
            "id": "vivid-alchemy-436608-r0/roles/artifactregistry.admin/serviceAccount:general-sa@vivid-alchemy-436608-r0.iam.gserviceaccount.com",
            "member": "serviceAccount:general-sa@vivid-alchemy-436608-r0.iam.gserviceaccount.com",
            "project": "vivid-alchemy-436608-r0",
            "role": "roles/artifactregistry.admin"
          },
          "sensitive_attributes": [],
          "private": "bnVsbA==",
          "dependencies": [
            "google_service_account.general_service_account"
          ]
        },
        {
          "index_key": "roles/cloudbuild.builds.editor",
          "schema_version": 0,
          "attributes": {
            "condition": [],
            "etag": "BwYmQqJAs/o=",
            "id": "vivid-alchemy-436608-r0/roles/cloudbuild.builds.editor/serviceAccount:general-sa@vivid-alchemy-436608-r0.iam.gserviceaccount.com",
            "member": "serviceAccount:general-sa@vivid-alchemy-436608-r0.iam.gserviceaccount.com",
            "project": "vivid-alchemy-436608-r0",
            "role": "roles/cloudbuild.builds.editor"
          },
          "sensitive_attributes": [],
          "private": "bnVsbA==",
          "dependencies": [
            "google_service_account.general_service_account"
          ]
        },
        {
          "index_key": "roles/clouddeploy.admin",
          "schema_version": 0,
          "attributes": {
            "condition": [],
            "etag": "BwYmQqJAs/o=",
            "id": "vivid-alchemy-436608-r0/roles/clouddeploy.admin/serviceAccount:general-sa@vivid-alchemy-436608-r0.iam.gserviceaccount.com",
            "member": "serviceAccount:general-sa@vivid-alchemy-436608-r0.iam.gserviceaccount.com",
            "project": "vivid-alchemy-436608-r0",
            "role": "roles/clouddeploy.admin"
          },
          "sensitive_attributes": [],
          "private": "bnVsbA==",
          "dependencies": [
            "google_service_account.general_service_account"
          ]
        },
        {
          "index_key": "roles/cloudsql.client",
          "schema_version": 0,
          "attributes": {
            "condition": [],
            "etag": "BwYmQqJAs/o=",
            "id": "vivid-alchemy-436608-r0/roles/cloudsql.client/serviceAccount:general-sa@vivid-alchemy-436608-r0.iam.gserviceaccount.com",
            "member": "serviceAccount:general-sa@vivid-alchemy-436608-r0.iam.gserviceaccount.com",
            "project": "vivid-alchemy-436608-r0",
            "role": "roles/cloudsql.client"
          },
          "sensitive_attributes": [],
          "private": "bnVsbA==",
          "dependencies": [
            "google_service_account.general_service_account"
          ]
        },
        {
          "index_key": "roles/run.admin",
          "schema_version": 0,
          "attributes": {
            "condition": [],
            "etag": "BwYmQqJAs/o=",
            "id": "vivid-alchemy-436608-r0/roles/run.admin/serviceAccount:general-sa@vivid-alchemy-436608-r0.iam.gserviceaccount.com",
            "member": "serviceAccount:general-sa@vivid-alchemy-436608-r0.iam.gserviceaccount.com",
            "project": "vivid-alchemy-436608-r0",
            "role": "roles/run.admin"
          },
          "sensitive_attributes": [],
          "private": "bnVsbA==",
          "dependencies": [
            "google_service_account.general_service_account"
          ]
        }
      ]
    },
    {
      "mode": "managed",
      "type": "google_service_account",
      "name": "general_service_account",
      "provider": "provider[\"registry.terraform.io/hashicorp/google\"]",
      "instances": [
        {
          "schema_version": 0,
          "attributes": {
            "account_id": "general-sa",
            "description": "",
            "disabled": false,
            "display_name": "General Service Account",
            "email": "general-sa@vivid-alchemy-436608-r0.iam.gserviceaccount.com",
            "id": "projects/vivid-alchemy-436608-r0/serviceAccounts/general-sa@vivid-alchemy-436608-r0.iam.gserviceaccount.com",
            "member": "serviceAccount:general-sa@vivid-alchemy-436608-r0.iam.gserviceaccount.com",
            "name": "projects/vivid-alchemy-436608-r0/serviceAccounts/general-sa@vivid-alchemy-436608-r0.iam.gserviceaccount.com",
            "project": "vivid-alchemy-436608-r0",
            "timeouts": null,
            "unique_id": "115567589090542985020"
          },
          "sensitive_attributes": [],
          "private": "eyJlMmJmYjczMC1lY2FhLTExZTYtOGY4OC0zNDM2M2JjN2M0YzAiOnsiY3JlYXRlIjozMDAwMDAwMDAwMDB9fQ=="
        }
      ]
    },
    {
      "mode": "managed",
      "type": "google_sql_database_instance",
      "name": "main",
      "provider": "provider[\"registry.terraform.io/hashicorp/google\"]",
      "instances": [
        {
          "schema_version": 0,
          "attributes": {
            "available_maintenance_versions": [],
            "clone": [],
            "connection_name": "vivid-alchemy-436608-r0:us-central1:main-instance",
            "database_version": "POSTGRES_15",
            "deletion_protection": true,
            "encryption_key_name": null,
            "first_ip_address": "34.66.169.194",
            "id": "main-instance",
            "instance_type": "CLOUD_SQL_INSTANCE",
            "ip_address": [
              {
                "ip_address": "34.66.169.194",
                "time_to_retire": "",
                "type": "PRIMARY"
              },
              {
                "ip_address": "34.71.84.124",
                "time_to_retire": "",
                "type": "OUTGOING"
              }
            ],
            "maintenance_version": "POSTGRES_15_8.R20240910.01_15",
            "master_instance_name": "",
            "name": "main-instance",
            "private_ip_address": "",
            "project": "vivid-alchemy-436608-r0",
            "public_ip_address": "34.66.169.194",
            "region": "us-central1",
            "replica_configuration": [],
            "restore_backup_context": [],
            "root_password": null,
            "self_link": "https://sqladmin.googleapis.com/sql/v1beta4/projects/vivid-alchemy-436608-r0/instances/main-instance",
            "server_ca_cert": [
              {
                "cert": "-----BEGIN CERTIFICATE-----\nMIIDfzCCAmegAwIBAgIBADANBgkqhkiG9w0BAQsFADB3MS0wKwYDVQQuEyQ1MTAz\nODhmMC01ZjNiLTRmYTktYjk1My1lZDE4NjgyZWFmYjExIzAhBgNVBAMTGkdvb2ds\nZSBDbG91ZCBTUUwgU2VydmVyIENBMRQwEgYDVQQKEwtHb29nbGUsIEluYzELMAkG\nA1UEBhMCVVMwHhcNMjQxMTA2MTgzMDI1WhcNMzQxMTA0MTgzMTI1WjB3MS0wKwYD\nVQQuEyQ1MTAzODhmMC01ZjNiLTRmYTktYjk1My1lZDE4NjgyZWFmYjExIzAhBgNV\nBAMTGkdvb2dsZSBDbG91ZCBTUUwgU2VydmVyIENBMRQwEgYDVQQKEwtHb29nbGUs\nIEluYzELMAkGA1UEBhMCVVMwggEiMA0GCSqGSIb3DQEBAQUAA4IBDwAwggEKAoIB\nAQCh8bLcL0bnPRehCxeyW19TyvCcsTDY7es7qZx8n+5bMFR+l7TenrU5kfTMCxuR\nWEFXwg+l40XhsOOlsOK8RQawkWuiR61LwIb/R3P/W3XLdblxXIoozQopEg/PUBx7\nUnPTDbGYsvazO/wK6kAuXiGqb9vA+BFUBJdEFIsrzg7A/LdlCLS3hqugqxcFIk/l\nel1EpfSsG3amhNr0/niTJ8jxFlBgWBbFxVQ/ZbJTSYBxsAuXXHn1LUqJeVnDb66u\nBCyDRN+nUT+KDOdO301hUpChzgnSoQLbju5l/4IyIxab7xGgCu96LPfywm2rbPAx\nLqxFfXACzXdQ/k7yZHwljCKRAgMBAAGjFjAUMBIGA1UdEwEB/wQIMAYBAf8CAQAw\nDQYJKoZIhvcNAQELBQADggEBAHxVBGZwaL7z7Z82mNG14zhNU6hWzwz5KWajkgZZ\n2gAWc3zEL8OoeuQVWmNdP9SMJ+Vxi4k4ysp7xFBnDskVTNIVwxF+rkDIap0kff0P\nh9McrAFXBoXjbaVJ6gzfNvfWtx71wJgqQPhyUZSXdcXpn2rY6ofXmkbP4GI49jjq\np853NFsAae9/hK3e8d1jThrzhYpKrfzFP1x/Hb7booAPxcjs0gyrHI6DAzfpkEZf\nn9nAbf3/CkvrzVrJCv9mLJfaNBr/WQnGghNpRhu59uZBFyaWFFAdAmBC3yQcvIwK\nZYv10oR2EwEOqJY8HXkjwFgD8a+biJC1H8bhiUDC4vNnOMk=\n-----END CERTIFICATE-----",
                "common_name": "C=US,O=Google\\, Inc,CN=Google Cloud SQL Server CA,dnQualifier=510388f0-5f3b-4fa9-b953-ed18682eafb1",
                "create_time": "2024-11-06T18:30:25.089Z",
                "expiration_time": "2034-11-04T18:31:25.089Z",
                "sha1_fingerprint": "b10a6787d5300b243c4ae344f82edf3ce31175d7"
              }
            ],
            "service_account_email_address": "p832281229411-6yunn2@gcp-sa-cloud-sql.iam.gserviceaccount.com",
            "settings": [
              {
                "activation_policy": "ALWAYS",
                "active_directory_config": [],
                "availability_type": "ZONAL",
                "backup_configuration": [
                  {
                    "backup_retention_settings": [
                      {
                        "retained_backups": 7,
                        "retention_unit": "COUNT"
                      }
                    ],
                    "binary_log_enabled": false,
                    "enabled": false,
                    "location": "",
                    "point_in_time_recovery_enabled": false,
                    "start_time": "05:00",
                    "transaction_log_retention_days": 7
                  }
                ],
                "collation": "",
                "connector_enforcement": "NOT_REQUIRED",
                "database_flags": [],
                "deletion_protection_enabled": false,
                "deny_maintenance_period": [],
                "disk_autoresize": true,
                "disk_autoresize_limit": 0,
                "disk_size": 10,
                "disk_type": "PD_SSD",
                "insights_config": [],
                "ip_configuration": [
                  {
                    "allocated_ip_range": "",
                    "authorized_networks": [],
                    "ipv4_enabled": true,
                    "private_network": "",
                    "require_ssl": false
                  }
                ],
                "location_preference": [
                  {
                    "follow_gae_application": "",
                    "secondary_zone": "",
                    "zone": "us-central1-a"
                  }
                ],
                "maintenance_window": [],
                "password_validation_policy": [],
                "pricing_plan": "PER_USE",
                "sql_server_audit_config": [],
                "tier": "db-f1-micro",
                "time_zone": "",
                "user_labels": {},
                "version": 1
              }
            ],
            "timeouts": null
          },
          "sensitive_attributes": [
            [
              {
                "type": "get_attr",
                "value": "root_password"
              }
            ]
          ],
          "private": "eyJlMmJmYjczMC1lY2FhLTExZTYtOGY4OC0zNDM2M2JjN2M0YzAiOnsiY3JlYXRlIjoyNDAwMDAwMDAwMDAwLCJkZWxldGUiOjE4MDAwMDAwMDAwMDAsInVwZGF0ZSI6MTgwMDAwMDAwMDAwMH19"
        }
      ]
    }
  ],
  "check_results": null
}
